# THIS IS AN AUTOGENERATED FILE. DO NOT EDIT THIS FILE DIRECTLY.
# yarn lockfile v1


balanced-match@^0.4.1:
  version "0.4.2"
  resolved "https://registry.yarnpkg.com/balanced-match/-/balanced-match-0.4.2.tgz#cb3f3e3c732dc0f01ee70b403f302e61d7709838"

brace-expansion@^1.0.0:
  version "1.1.6"
  resolved "https://registry.yarnpkg.com/brace-expansion/-/brace-expansion-1.1.6.tgz#7197d7eaa9b87e648390ea61fc66c84427420df9"
  dependencies:
    balanced-match "^0.4.1"
    concat-map "0.0.1"

"coffee-script@>= 1.5.0":
  version "1.12.4"
  resolved "https://registry.yarnpkg.com/coffee-script/-/coffee-script-1.12.4.tgz#fe1bced97fe1fb3927b998f2b45616e0658be1ff"

concat-map@0.0.1:
  version "0.0.1"
  resolved "https://registry.yarnpkg.com/concat-map/-/concat-map-0.0.1.tgz#d8a96bd77fd68df7793a73036a3ba0d5405d477b"

ect@^0.5.9:
  version "0.5.9"
  resolved "https://registry.yarnpkg.com/ect/-/ect-0.5.9.tgz#7b04ec182ebb7fb3913b629e16900db33e0f4de0"
  dependencies:
    coffee-script ">= 1.5.0"
    optimist "0.4.0"

lodash@^4.17.4:
  version "4.17.21"
  resolved "https://registry.yarnpkg.com/lodash/-/lodash-4.17.21.tgz#679591c564c3bffaae8454cf0b3df370c3d6911c"

minimatch@3.0.3:
  version "3.0.3"
  resolved "https://registry.yarnpkg.com/minimatch/-/minimatch-3.0.3.tgz#2a4e4090b96b2db06a9d7df01055a62a77c9b774"
  dependencies:
    brace-expansion "^1.0.0"

minimist@0.0.8:
  version "0.0.8"
  resolved "https://registry.yarnpkg.com/minimist/-/minimist-0.0.8.tgz#857fcabfc3397d2625b8228262e86aa7a011b05d"

mkdirp@^0.5.1:
  version "0.5.1"
  resolved "https://registry.yarnpkg.com/mkdirp/-/mkdirp-0.5.1.tgz#30057438eac6cf7f8c4767f38648d6697d75c903"
  dependencies:
    minimist "0.0.8"

optimist@0.4.0:
  version "0.4.0"
  resolved "https://registry.yarnpkg.com/optimist/-/optimist-0.4.0.tgz#cb8ec37f2fe3aa9864cb67a275250e7e19620a25"
  dependencies:
    wordwrap "~0.0.2"

recursive-readdir@^2.1.1:
  version "2.1.1"
  resolved "https://registry.yarnpkg.com/recursive-readdir/-/recursive-readdir-2.1.1.tgz#a01cfc7f7f38a53ec096a096f63a50489c3e297c"
  dependencies:
    minimatch "3.0.3"

wordwrap@~0.0.2:
  version "0.0.3"
  resolved "https://registry.yarnpkg.com/wordwrap/-/wordwrap-0.0.3.tgz#a3d5da6cd5c0bc0008d37234bbaf1bed63059107"
